
Microsoft Visual Studio Solution File, Format Version 12.00
# Visual Studio Version 17
VisualStudioVersion = 17.0.31903.59
MinimumVisualStudioVersion = 10.0.40219.1
Project("{FAE04EC0-301F-11D3-BF4B-00C04F79EFBC}") = "DemoProject", "DemoProject\DemoProject.csproj", "{4D47C420-616B-4E49-9F36-02B8648DBBF6}"
EndProject
Project("{FAE04EC0-301F-11D3-BF4B-00C04F79EFBC}") = "DemoProject.Tests", "DemoProject.Tests\DemoProject.Tests.csproj", "{5BC05BDA-3A58-4770-A49E-BFD71A3D6A6F}"
EndProject
Global
	GlobalSection(SolutionConfigurationPlatforms) = preSolution
		Debug|Any CPU = Debug|Any CPU
		Release|Any CPU = Release|Any CPU
	EndGlobalSection
	GlobalSection(ProjectConfigurationPlatforms) = postSolution
		{4D47C420-616B-4E49-9F36-02B8648DBBF6}.Debug|Any CPU.ActiveCfg = Debug|Any CPU
		{4D47C420-616B-4E49-9F36-02B8648DBBF6}.Debug|Any CPU.Build.0 = Debug|Any CPU
		{4D47C420-616B-4E49-9F36-02B8648DBBF6}.Release|Any CPU.ActiveCfg = Release|Any CPU
		{4D47C420-616B-4E49-9F36-02B8648DBBF6}.Release|Any CPU.Build.0 = Release|Any CPU
		{5BC05BDA-3A58-4770-A49E-BFD71A3D6A6F}.Debug|Any CPU.ActiveCfg = Debug|Any CPU
		{5BC05BDA-3A58-4770-A49E-BFD71A3D6A6F}.Debug|Any CPU.Build.0 = Debug|Any CPU
		{5BC05BDA-3A58-4770-A49E-BFD71A3D6A6F}.Release|Any CPU.ActiveCfg = Release|Any CPU
		{5BC05BDA-3A58-4770-A49E-BFD71A3D6A6F}.Release|Any CPU.Build.0 = Release|Any CPU
	EndGlobalSection
	GlobalSection(SolutionProperties) = preSolution
		HideSolutionNode = FALSE
	EndGlobalSection
	GlobalSection(ExtensibilityGlobals) = postSolution
		SolutionGuid = {BC7D28A5-B55D-48B3-86EE-B213C578C74F}
	EndGlobalSection
EndGlobal
